
Microsoft Visual Studio Solution File, Format Version 12.00
Project("{2150E333-8FDC-42A3-9474-1A3956D46DE8}") = "src", "src", "{9EC35729-78FC-4B4B-A27D-6C787D805EAB}"
EndProject
Project("{FAE04EC0-301F-11D3-BF4B-00C04F79EFBC}") = "App", "src\App\App.csproj", "{2F6B5F8C-467C-463F-B382-2CE3D33990A1}"
EndProject
Project("{2150E333-8FDC-42A3-9474-1A3956D46DE8}") = "test", "test", "{81552ECB-EE16-4513-BC44-BBD5D1ED800A}"
EndProject
Global
	GlobalSection(SolutionConfigurationPlatforms) = preSolution
		Debug|Any CPU = Debug|Any CPU
		Release|Any CPU = Release|Any CPU
	EndGlobalSection
	GlobalSection(ProjectConfigurationPlatforms) = postSolution
		{2F6B5F8C-467C-463F-B382-2CE3D33990A1}.Debug|Any CPU.ActiveCfg = Debug|Any CPU
		{2F6B5F8C-467C-463F-B382-2CE3D33990A1}.Debug|Any CPU.Build.0 = Debug|Any CPU
		{2F6B5F8C-467C-463F-B382-2CE3D33990A1}.Release|Any CPU.ActiveCfg = Release|Any CPU
		{2F6B5F8C-467C-463F-B382-2CE3D33990A1}.Release|Any CPU.Build.0 = Release|Any CPU
	EndGlobalSection
	GlobalSection(NestedProjects) = preSolution
		{2F6B5F8C-467C-463F-B382-2CE3D33990A1} = {9EC35729-78FC-4B4B-A27D-6C787D805EAB}
	EndGlobalSection
EndGlobal
